// !$*UTF8*$!
{
	archiveVersion = 1;
	classes = {
	};
	objectVersion = 50;
	objects = {

/* Begin PBXBuildFile section */
		2EDD712C25EC6CF800A584BE /* ic_horse_3.png in Resources */ = {isa = PBXBuildFile; fileRef = 2EDD712925EC6CF600A584BE /* ic_horse_3.png */; };
		2EDD712D25EC6CF800A584BE /* ic_horse_1.png in Resources */ = {isa = PBXBuildFile; fileRef = 2EDD712A25EC6CF600A584BE /* ic_horse_1.png */; };
		2EDD712E25EC6CF800A584BE /* ic_horse_2.png in Resources */ = {isa = PBXBuildFile; fileRef = 2EDD712B25EC6CF700A584BE /* ic_horse_2.png */; };
		2EEC433725EBA85F00E9A305 /* TaximeterApp.swift in Sources */ = {isa = PBXBuildFile; fileRef = 2EEC433625EBA85F00E9A305 /* TaximeterApp.swift */; };
		2EEC433925EBA85F00E9A305 /* MainMeterView.swift in Sources */ = {isa = PBXBuildFile; fileRef = 2EEC433825EBA85F00E9A305 /* MainMeterView.swift */; };
		2EEC433B25EBA86000E9A305 /* Assets.xcassets in Resources */ = {isa = PBXBuildFile; fileRef = 2EEC433A25EBA86000E9A305 /* Assets.xcassets */; };
		2EEC433E25EBA86000E9A305 /* Preview Assets.xcassets in Resources */ = {isa = PBXBuildFile; fileRef = 2EEC433D25EBA86000E9A305 /* Preview Assets.xcassets */; };
/* End PBXBuildFile section */

/* Begin PBXFileReference section */
		2EDD712925EC6CF600A584BE /* ic_horse_3.png */ = {isa = PBXFileReference; lastKnownFileType = image.png; path = ic_horse_3.png; sourceTree = "<group>"; };
		2EDD712A25EC6CF600A584BE /* ic_horse_1.png */ = {isa = PBXFileReference; lastKnownFileType = image.png; path = ic_horse_1.png; sourceTree = "<group>"; };
		2EDD712B25EC6CF700A584BE /* ic_horse_2.png */ = {isa = PBXFileReference; lastKnownFileType = image.png; path = ic_horse_2.png; sourceTree = "<group>"; };
		2EEC433325EBA85F00E9A305 /* Taximeter.app */ = {isa = PBXFileReference; explicitFileType = wrapper.application; includeInIndex = 0; path = Taximeter.app; sourceTree = BUILT_PRODUCTS_DIR; };
		2EEC433625EBA85F00E9A305 /* TaximeterApp.swift */ = {isa = PBXFileReference; lastKnownFileType = sourcecode.swift; path = TaximeterApp.swift; sourceTree = "<group>"; };
		2EEC433825EBA85F00E9A305 /* MainMeterView.swift */ = {isa = PBXFileReference; lastKnownFileType = sourcecode.swift; path = MainMeterView.swift; sourceTree = "<group>"; };
		2EEC433A25EBA86000E9A305 /* Assets.xcassets */ = {isa = PBXFileReference; lastKnownFileType = folder.assetcatalog; path = Assets.xcassets; sourceTree = "<group>"; };
		2EEC433D25EBA86000E9A305 /* Preview Assets.xcassets */ = {isa = PBXFileReference; lastKnownFileType = folder.assetcatalog; path = "Preview Assets.xcassets"; sourceTree = "<group>"; };
		2EEC433F25EBA86000E9A305 /* Info.plist */ = {isa = PBXFileReference; lastKnownFileType = text.plist.xml; path = Info.plist; sourceTree = "<group>"; };
/* End PBXFileReference section */

/* Begin PBXFrameworksBuildPhase section */
		2EEC433025EBA85F00E9A305 /* Frameworks */ = {
			isa = PBXFrameworksBuildPhase;
			buildActionMask = 2147483647;
			files = (
			);
			runOnlyForDeploymentPostprocessing = 0;
		};
/* End PBXFrameworksBuildPhase section */

/* Begin PBXGroup section */
		2EDD712625EBC54900A584BE /* Models */ = {
			isa = PBXGroup;
			children = (
			);
			path = Models;
			sourceTree = "<group>";
		};
		2EDD712825EC6CDF00A584BE /* Resources */ = {
			isa = PBXGroup;
			children = (
				2EDD712A25EC6CF600A584BE /* ic_horse_1.png */,
				2EDD712B25EC6CF700A584BE /* ic_horse_2.png */,
				2EDD712925EC6CF600A584BE /* ic_horse_3.png */,
			);
			path = Resources;
			sourceTree = "<group>";
		};
		2EEC432A25EBA85F00E9A305 = {
			isa = PBXGroup;
			children = (
				2EEC433525EBA85F00E9A305 /* Taximeter */,
				2EEC433425EBA85F00E9A305 /* Products */,
			);
			sourceTree = "<group>";
		};
		2EEC433425EBA85F00E9A305 /* Products */ = {
			isa = PBXGroup;
			children = (
				2EEC433325EBA85F00E9A305 /* Taximeter.app */,
			);
			name = Products;
			sourceTree = "<group>";
		};
		2EEC433525EBA85F00E9A305 /* Taximeter */ = {
			isa = PBXGroup;
			children = (
				2EDD712825EC6CDF00A584BE /* Resources */,
				2EDD712625EBC54900A584BE /* Models */,
				2EEC433625EBA85F00E9A305 /* TaximeterApp.swift */,
				2EEC433825EBA85F00E9A305 /* MainMeterView.swift */,
				2EEC433A25EBA86000E9A305 /* Assets.xcassets */,
				2EEC433F25EBA86000E9A305 /* Info.plist */,
				2EEC433C25EBA86000E9A305 /* Preview Content */,
			);
			path = Taximeter;
			sourceTree = "<group>";
		};
		2EEC433C25EBA86000E9A305 /* Preview Content */ = {
			isa = PBXGroup;
			children = (
				2EEC433D25EBA86000E9A305 /* Preview Assets.xcassets */,
			);
			path = "Preview Content";
			sourceTree = "<group>";
		};
/* End PBXGroup section */

/* Begin PBXNativeTarget section */
		2EEC433225EBA85F00E9A305 /* Taximeter */ = {
			isa = PBXNativeTarget;
			buildConfigurationList = 2EEC434225EBA86000E9A305 /* Build configuration list for PBXNativeTarget "Taximeter" */;
			buildPhases = (
				2EEC432F25EBA85F00E9A305 /* Sources */,
				2EEC433025EBA85F00E9A305 /* Frameworks */,
				2EEC433125EBA85F00E9A305 /* Resources */,
			);
			buildRules = (
			);
			dependencies = (
			);
			name = Taximeter;
			productName = Taximeter;
			productReference = 2EEC433325EBA85F00E9A305 /* Taximeter.app */;
			productType = "com.apple.product-type.application";
		};
/* End PBXNativeTarget section */

/* Begin PBXProject section */
		2EEC432B25EBA85F00E9A305 /* Project object */ = {
			isa = PBXProject;
			attributes = {
				LastSwiftUpdateCheck = 1240;
				LastUpgradeCheck = 1240;
				TargetAttributes = {
					2EEC433225EBA85F00E9A305 = {
						CreatedOnToolsVersion = 12.4;
					};
				};
			};
			buildConfigurationList = 2EEC432E25EBA85F00E9A305 /* Build configuration list for PBXProject "Taximeter" */;
			compatibilityVersion = "Xcode 9.3";
			developmentRegion = en;
			hasScannedForEncodings = 0;
			knownRegions = (
				en,
				ko,
				Base,
			);
			mainGroup = 2EEC432A25EBA85F00E9A305;
			productRefGroup = 2EEC433425EBA85F00E9A305 /* Products */;
			projectDirPath = "";
			projectRoot = "";
			targets = (
				2EEC433225EBA85F00E9A305 /* Taximeter */,
			);
		};
/* End PBXProject section */

/* Begin PBXResourcesBuildPhase section */
		2EEC433125EBA85F00E9A305 /* Resources */ = {
			isa = PBXResourcesBuildPhase;
			buildActionMask = 2147483647;
			files = (
				2EDD712E25EC6CF800A584BE /* ic_horse_2.png in Resources */,
				2EEC433E25EBA86000E9A305 /* Preview Assets.xcassets in Resources */,
				2EDD712D25EC6CF800A584BE /* ic_horse_1.png in Resources */,
				2EDD712C25EC6CF800A584BE /* ic_horse_3.png in Resources */,
				2EEC433B25EBA86000E9A305 /* Assets.xcassets in Resources */,
			);
			runOnlyForDeploymentPostprocessing = 0;
		};
/* End PBXResourcesBuildPhase section */

/* Begin PBXSourcesBuildPhase section */
		2EEC432F25EBA85F00E9A305 /* Sources */ = {
			isa = PBXSourcesBuildPhase;
			buildActionMask = 2147483647;
			files = (
				2EEC433925EBA85F00E9A305 /* MainMeterView.swift in Sources */,
				2EEC433725EBA85F00E9A305 /* TaximeterApp.swift in Sources */,
			);
			runOnlyForDeploymentPostprocessing = 0;
		};
/* End PBXSourcesBuildPhase section */

/* Begin XCBuildConfiguration section */
		2EEC434025EBA86000E9A305 /* Debug */ = {
			isa = XCBuildConfiguration;
			buildSettings = {
				ALWAYS_SEARCH_USER_PATHS = NO;
				CLANG_ANALYZER_NONNULL = YES;
				CLANG_ANALYZER_NUMBER_OBJECT_CONVERSION = YES_AGGRESSIVE;
				CLANG_CXX_LANGUAGE_STANDARD = "gnu++14";
				CLANG_CXX_LIBRARY = "libc++";
				CLANG_ENABLE_MODULES = YES;
				CLANG_ENABLE_OBJC_ARC = YES;
				CLANG_ENABLE_OBJC_WEAK = YES;
				CLANG_WARN_BLOCK_CAPTURE_AUTORELEASING = YES;
				CLANG_WARN_BOOL_CONVERSION = YES;
				CLANG_WARN_COMMA = YES;
				CLANG_WARN_CONSTANT_CONVERSION = YES;
				CLANG_WARN_DEPRECATED_OBJC_IMPLEMENTATIONS = YES;
				CLANG_WARN_DIRECT_OBJC_ISA_USAGE = YES_ERROR;
				CLANG_WARN_DOCUMENTATION_COMMENTS = YES;
				CLANG_WARN_EMPTY_BODY = YES;
				CLANG_WARN_ENUM_CONVERSION = YES;
				CLANG_WARN_INFINITE_RECURSION = YES;
				CLANG_WARN_INT_CONVERSION = YES;
				CLANG_WARN_NON_LITERAL_NULL_CONVERSION = YES;
				CLANG_WARN_OBJC_IMPLICIT_RETAIN_SELF = YES;
				CLANG_WARN_OBJC_LITERAL_CONVERSION = YES;
				CLANG_WARN_OBJC_ROOT_CLASS = YES_ERROR;
				CLANG_WARN_QUOTED_INCLUDE_IN_FRAMEWORK_HEADER = YES;
				CLANG_WARN_RANGE_LOOP_ANALYSIS = YES;
				CLANG_WARN_STRICT_PROTOTYPES = YES;
				CLANG_WARN_SUSPICIOUS_MOVE = YES;
				CLANG_WARN_UNGUARDED_AVAILABILITY = YES_AGGRESSIVE;
				CLANG_WARN_UNREACHABLE_CODE = YES;
				CLANG_WARN__DUPLICATE_METHOD_MATCH = YES;
				COPY_PHASE_STRIP = NO;
				DEBUG_INFORMATION_FORMAT = dwarf;
				ENABLE_STRICT_OBJC_MSGSEND = YES;
				ENABLE_TESTABILITY = YES;
				GCC_C_LANGUAGE_STANDARD = gnu11;
				GCC_DYNAMIC_NO_PIC = NO;
				GCC_NO_COMMON_BLOCKS = YES;
				GCC_OPTIMIZATION_LEVEL = 0;
				GCC_PREPROCESSOR_DEFINITIONS = (
					"DEBUG=1",
					"$(inherited)",
				);
				GCC_WARN_64_TO_32_BIT_CONVERSION = YES;
				GCC_WARN_ABOUT_RETURN_TYPE = YES_ERROR;
				GCC_WARN_UNDECLARED_SELECTOR = YES;
				GCC_WARN_UNINITIALIZED_AUTOS = YES_AGGRESSIVE;
				GCC_WARN_UNUSED_FUNCTION = YES;
				GCC_WARN_UNUSED_VARIABLE = YES;
				IPHONEOS_DEPLOYMENT_TARGET = 14.4;
				MTL_ENABLE_DEBUG_INFO = INCLUDE_SOURCE;
				MTL_FAST_MATH = YES;
				ONLY_ACTIVE_ARCH = YES;
				SDKROOT = iphoneos;
				SWIFT_ACTIVE_COMPILATION_CONDITIONS = DEBUG;
				SWIFT_OPTIMIZATION_LEVEL = "-Onone";
			};
			name = Debug;
		};
		2EEC434125EBA86000E9A305 /* Release */ = {
			isa = XCBuildConfiguration;
			buildSettings = {
				ALWAYS_SEARCH_USER_PATHS = NO;
				CLANG_ANALYZER_NONNULL = YES;
				CLANG_ANALYZER_NUMBER_OBJECT_CONVERSION = YES_AGGRESSIVE;
				CLANG_CXX_LANGUAGE_STANDARD = "gnu++14";
				CLANG_CXX_LIBRARY = "libc++";
				CLANG_ENABLE_MODULES = YES;
				CLANG_ENABLE_OBJC_ARC = YES;
				CLANG_ENABLE_OBJC_WEAK = YES;
				CLANG_WARN_BLOCK_CAPTURE_AUTORELEASING = YES;
				CLANG_WARN_BOOL_CONVERSION = YES;
				CLANG_WARN_COMMA = YES;
				CLANG_WARN_CONSTANT_CONVERSION = YES;
				CLANG_WARN_DEPRECATED_OBJC_IMPLEMENTATIONS = YES;
				CLANG_WARN_DIRECT_OBJC_ISA_USAGE = YES_ERROR;
				CLANG_WARN_DOCUMENTATION_COMMENTS = YES;
				CLANG_WARN_EMPTY_BODY = YES;
				CLANG_WARN_ENUM_CONVERSION = YES;
				CLANG_WARN_INFINITE_RECURSION = YES;
				CLANG_WARN_INT_CONVERSION = YES;
				CLANG_WARN_NON_LITERAL_NULL_CONVERSION = YES;
				CLANG_WARN_OBJC_IMPLICIT_RETAIN_SELF = YES;
				CLANG_WARN_OBJC_LITERAL_CONVERSION = YES;
				CLANG_WARN_OBJC_ROOT_CLASS = YES_ERROR;
				CLANG_WARN_QUOTED_INCLUDE_IN_FRAMEWORK_HEADER = YES;
				CLANG_WARN_RANGE_LOOP_ANALYSIS = YES;
				CLANG_WARN_STRICT_PROTOTYPES = YES;
				CLANG_WARN_SUSPICIOUS_MOVE = YES;
				CLANG_WARN_UNGUARDED_AVAILABILITY = YES_AGGRESSIVE;
				CLANG_WARN_UNREACHABLE_CODE = YES;
				CLANG_WARN__DUPLICATE_METHOD_MATCH = YES;
				COPY_PHASE_STRIP = NO;
				DEBUG_INFORMATION_FORMAT = "dwarf-with-dsym";
				ENABLE_NS_ASSERTIONS = NO;
				ENABLE_STRICT_OBJC_MSGSEND = YES;
				GCC_C_LANGUAGE_STANDARD = gnu11;
				GCC_NO_COMMON_BLOCKS = YES;
				GCC_WARN_64_TO_32_BIT_CONVERSION = YES;
				GCC_WARN_ABOUT_RETURN_TYPE = YES_ERROR;
				GCC_WARN_UNDECLARED_SELECTOR = YES;
				GCC_WARN_UNINITIALIZED_AUTOS = YES_AGGRESSIVE;
				GCC_WARN_UNUSED_FUNCTION = YES;
				GCC_WARN_UNUSED_VARIABLE = YES;
				IPHONEOS_DEPLOYMENT_TARGET = 14.4;
				MTL_ENABLE_DEBUG_INFO = NO;
				MTL_FAST_MATH = YES;
				SDKROOT = iphoneos;
				SWIFT_COMPILATION_MODE = wholemodule;
				SWIFT_OPTIMIZATION_LEVEL = "-O";
				VALIDATE_PRODUCT = YES;
			};
			name = Release;
		};
		2EEC434325EBA86000E9A305 /* Debug */ = {
			isa = XCBuildConfiguration;
			buildSettings = {
				ASSETCATALOG_COMPILER_APPICON_NAME = AppIcon;
				ASSETCATALOG_COMPILER_GLOBAL_ACCENT_COLOR_NAME = AccentColor;
				CODE_SIGN_STYLE = Automatic;
				DEVELOPMENT_ASSET_PATHS = "\"Taximeter/Preview Content\"";
				DEVELOPMENT_TEAM = VM3MRNSJ58;
				ENABLE_PREVIEWS = YES;
				INFOPLIST_FILE = Taximeter/Info.plist;
				IPHONEOS_DEPLOYMENT_TARGET = 14.0;
				LD_RUNPATH_SEARCH_PATHS = (
					"$(inherited)",
					"@executable_path/Frameworks",
				);
				PRODUCT_BUNDLE_IDENTIFIER = "Hyung-Park.Taximeter";
				PRODUCT_NAME = "$(TARGET_NAME)";
				SWIFT_VERSION = 5.0;
				TARGETED_DEVICE_FAMILY = "1,2";
			};
			name = Debug;
		};
		2EEC434425EBA86000E9A305 /* Release */ = {
			isa = XCBuildConfiguration;
			buildSettings = {
				ASSETCATALOG_COMPILER_APPICON_NAME = AppIcon;
				ASSETCATALOG_COMPILER_GLOBAL_ACCENT_COLOR_NAME = AccentColor;
				CODE_SIGN_STYLE = Automatic;
				DEVELOPMENT_ASSET_PATHS = "\"Taximeter/Preview Content\"";
				DEVELOPMENT_TEAM = VM3MRNSJ58;
				ENABLE_PREVIEWS = YES;
				INFOPLIST_FILE = Taximeter/Info.plist;
				IPHONEOS_DEPLOYMENT_TARGET = 14.0;
				LD_RUNPATH_SEARCH_PATHS = (
					"$(inherited)",
					"@executable_path/Frameworks",
				);
				PRODUCT_BUNDLE_IDENTIFIER = "Hyung-Park.Taximeter";
				PRODUCT_NAME = "$(TARGET_NAME)";
				SWIFT_VERSION = 5.0;
				TARGETED_DEVICE_FAMILY = "1,2";
			};
			name = Release;
		};
/* End XCBuildConfiguration section */

/* Begin XCConfigurationList section */
		2EEC432E25EBA85F00E9A305 /* Build configuration list for PBXProject "Taximeter" */ = {
			isa = XCConfigurationList;
			buildConfigurations = (
				2EEC434025EBA86000E9A305 /* Debug */,
				2EEC434125EBA86000E9A305 /* Release */,
			);
			defaultConfigurationIsVisible = 0;
			defaultConfigurationName = Release;
		};
		2EEC434225EBA86000E9A305 /* Build configuration list for PBXNativeTarget "Taximeter" */ = {
			isa = XCConfigurationList;
			buildConfigurations = (
				2EEC434325EBA86000E9A305 /* Debug */,
				2EEC434425EBA86000E9A305 /* Release */,
			);
			defaultConfigurationIsVisible = 0;
			defaultConfigurationName = Release;
		};
/* End XCConfigurationList section */
	};
	rootObject = 2EEC432B25EBA85F00E9A305 /* Project object */;
}
